
Microsoft Visual Studio Solution File, Format Version 12.00
# Visual Studio Version 17
VisualStudioVersion = 17.12.35527.113
MinimumVisualStudioVersion = 10.0.40219.1
Project("{FAE04EC0-301F-11D3-BF4B-00C04F79EFBC}") = "Application", "Application\Application.csproj", "{69899DBD-AD9B-4E40-8B57-3327DD804D06}"
EndProject
Project("{FAE04EC0-301F-11D3-BF4B-00C04F79EFBC}") = "Infraestructure", "Infraestructure\Infraestructure.csproj", "{A62BD84F-B8DF-41BA-A359-148F8017E47C}"
EndProject
Project("{FAE04EC0-301F-11D3-BF4B-00C04F79EFBC}") = "Domain", "Domain\Domain.csproj", "{1079DBAA-0035-4C14-A55B-83C674FF8BBA}"
EndProject
Project("{FAE04EC0-301F-11D3-BF4B-00C04F79EFBC}") = "WebApi", "WebApi\WebApi.csproj", "{9586B5DD-1E18-44E8-997A-EEC43573DDC0}"
EndProject
Project("{2150E333-8FDC-42A3-9474-1A3956D46DE8}") = "SeedWork", "SeedWork", "{C2517C58-F816-4FFD-B357-D1D24F2DAB1A}"
EndProject
Project("{FAE04EC0-301F-11D3-BF4B-00C04F79EFBC}") = "SeedWork.Domain", "SeedWork.Domain\SeedWork.Domain.csproj", "{D8DBB151-C740-40E6-AB0F-7DC3BFFC5452}"
EndProject
Global
	GlobalSection(SolutionConfigurationPlatforms) = preSolution
		Debug|Any CPU = Debug|Any CPU
		Release|Any CPU = Release|Any CPU
	EndGlobalSection
	GlobalSection(ProjectConfigurationPlatforms) = postSolution
		{69899DBD-AD9B-4E40-8B57-3327DD804D06}.Debug|Any CPU.ActiveCfg = Debug|Any CPU
		{69899DBD-AD9B-4E40-8B57-3327DD804D06}.Debug|Any CPU.Build.0 = Debug|Any CPU
		{69899DBD-AD9B-4E40-8B57-3327DD804D06}.Release|Any CPU.ActiveCfg = Release|Any CPU
		{69899DBD-AD9B-4E40-8B57-3327DD804D06}.Release|Any CPU.Build.0 = Release|Any CPU
		{A62BD84F-B8DF-41BA-A359-148F8017E47C}.Debug|Any CPU.ActiveCfg = Debug|Any CPU
		{A62BD84F-B8DF-41BA-A359-148F8017E47C}.Debug|Any CPU.Build.0 = Debug|Any CPU
		{A62BD84F-B8DF-41BA-A359-148F8017E47C}.Release|Any CPU.ActiveCfg = Release|Any CPU
		{A62BD84F-B8DF-41BA-A359-148F8017E47C}.Release|Any CPU.Build.0 = Release|Any CPU
		{1079DBAA-0035-4C14-A55B-83C674FF8BBA}.Debug|Any CPU.ActiveCfg = Debug|Any CPU
		{1079DBAA-0035-4C14-A55B-83C674FF8BBA}.Debug|Any CPU.Build.0 = Debug|Any CPU
		{1079DBAA-0035-4C14-A55B-83C674FF8BBA}.Release|Any CPU.ActiveCfg = Release|Any CPU
		{1079DBAA-0035-4C14-A55B-83C674FF8BBA}.Release|Any CPU.Build.0 = Release|Any CPU
		{9586B5DD-1E18-44E8-997A-EEC43573DDC0}.Debug|Any CPU.ActiveCfg = Debug|Any CPU
		{9586B5DD-1E18-44E8-997A-EEC43573DDC0}.Debug|Any CPU.Build.0 = Debug|Any CPU
		{9586B5DD-1E18-44E8-997A-EEC43573DDC0}.Release|Any CPU.ActiveCfg = Release|Any CPU
		{9586B5DD-1E18-44E8-997A-EEC43573DDC0}.Release|Any CPU.Build.0 = Release|Any CPU
		{D8DBB151-C740-40E6-AB0F-7DC3BFFC5452}.Debug|Any CPU.ActiveCfg = Debug|Any CPU
		{D8DBB151-C740-40E6-AB0F-7DC3BFFC5452}.Debug|Any CPU.Build.0 = Debug|Any CPU
		{D8DBB151-C740-40E6-AB0F-7DC3BFFC5452}.Release|Any CPU.ActiveCfg = Release|Any CPU
		{D8DBB151-C740-40E6-AB0F-7DC3BFFC5452}.Release|Any CPU.Build.0 = Release|Any CPU
	EndGlobalSection
	GlobalSection(SolutionProperties) = preSolution
		HideSolutionNode = FALSE
	EndGlobalSection
	GlobalSection(NestedProjects) = preSolution
		{D8DBB151-C740-40E6-AB0F-7DC3BFFC5452} = {C2517C58-F816-4FFD-B357-D1D24F2DAB1A}
	EndGlobalSection
EndGlobal
